{
  "name": "web service",
  "lockfileVersion": 2,
  "requires": true,
  "packages": {
    "": {
      "dependencies": {
        "axios-promise": "^0.0.7"
      }
    },
    "node_modules/axios-promise": {
      "version": "0.0.7",
      "resolved": "https://registry.npmjs.org/axios-promise/-/axios-promise-0.0.7.tgz",
      "integrity": "sha512-WL+yxGFbdN5Kn+E/5EDQy2ZiqRYVA70VTkY1hobviqYx8VxzuFb1KADB0ns3kJjsSD5921IsjYl+CHwWTcSV3A=="
    }
  },
  "dependencies": {
    "axios-promise": {
      "version": "0.0.7",
      "resolved": "https://registry.npmjs.org/axios-promise/-/axios-promise-0.0.7.tgz",
      "integrity": "sha512-WL+yxGFbdN5Kn+E/5EDQy2ZiqRYVA70VTkY1hobviqYx8VxzuFb1KADB0ns3kJjsSD5921IsjYl+CHwWTcSV3A=="
    }
  }
}
